// !$*UTF8*$!
{
	archiveVersion = 1;
	classes = {
	};
	objectVersion = 56;
	objects = {

/* Begin PBXBuildFile section */
		860B4C302AE95F2400977358 /* ClimAppApp.swift in Sources */ = {isa = PBXBuildFile; fileRef = 860B4C2F2AE95F2400977358 /* ClimAppApp.swift */; };
		860B4C342AE95F2500977358 /* Assets.xcassets in Resources */ = {isa = PBXBuildFile; fileRef = 860B4C332AE95F2500977358 /* Assets.xcassets */; };
		860B4C372AE95F2500977358 /* Preview Assets.xcassets in Resources */ = {isa = PBXBuildFile; fileRef = 860B4C362AE95F2500977358 /* Preview Assets.xcassets */; };
		860B4C412AE95F2500977358 /* ClimAppTests.swift in Sources */ = {isa = PBXBuildFile; fileRef = 860B4C402AE95F2500977358 /* ClimAppTests.swift */; };
		860B4C4B2AE95F2500977358 /* ClimAppUITests.swift in Sources */ = {isa = PBXBuildFile; fileRef = 860B4C4A2AE95F2500977358 /* ClimAppUITests.swift */; };
		860B4C4D2AE95F2500977358 /* ClimAppUITestsLaunchTests.swift in Sources */ = {isa = PBXBuildFile; fileRef = 860B4C4C2AE95F2500977358 /* ClimAppUITestsLaunchTests.swift */; };
		860B4C5A2AE9612C00977358 /* Assets.swift in Sources */ = {isa = PBXBuildFile; fileRef = 860B4C592AE9612C00977358 /* Assets.swift */; };
		860B4C5C2AE964F700977358 /* WelcomeView.swift in Sources */ = {isa = PBXBuildFile; fileRef = 860B4C5B2AE964F700977358 /* WelcomeView.swift */; };
		860B4C5E2AE9651F00977358 /* MainView.swift in Sources */ = {isa = PBXBuildFile; fileRef = 860B4C5D2AE9651F00977358 /* MainView.swift */; };
		868AB8372AEA50D300D3B256 /* Project.swift in Sources */ = {isa = PBXBuildFile; fileRef = 868AB8362AEA50D300D3B256 /* Project.swift */; };
		868AB8392AEA55E200D3B256 /* WelcomeViewModel.swift in Sources */ = {isa = PBXBuildFile; fileRef = 868AB8382AEA55E200D3B256 /* WelcomeViewModel.swift */; };
		868AB83F2AEA583000D3B256 /* ProjectsView.swift in Sources */ = {isa = PBXBuildFile; fileRef = 868AB83E2AEA583000D3B256 /* ProjectsView.swift */; };
		868AB8412AEA5B9900D3B256 /* ProjectView.swift in Sources */ = {isa = PBXBuildFile; fileRef = 868AB8402AEA5B9900D3B256 /* ProjectView.swift */; };
		868AB8452AEA601700D3B256 /* FootprintView.swift in Sources */ = {isa = PBXBuildFile; fileRef = 868AB8442AEA601700D3B256 /* FootprintView.swift */; };
		868AB8472AEA603200D3B256 /* BackgroundImage.swift in Sources */ = {isa = PBXBuildFile; fileRef = 868AB8462AEA603200D3B256 /* BackgroundImage.swift */; };
/* End PBXBuildFile section */

/* Begin PBXContainerItemProxy section */
		860B4C3D2AE95F2500977358 /* PBXContainerItemProxy */ = {
			isa = PBXContainerItemProxy;
			containerPortal = 860B4C242AE95F2300977358 /* Project object */;
			proxyType = 1;
			remoteGlobalIDString = 860B4C2B2AE95F2400977358;
			remoteInfo = ClimApp;
		};
		860B4C472AE95F2500977358 /* PBXContainerItemProxy */ = {
			isa = PBXContainerItemProxy;
			containerPortal = 860B4C242AE95F2300977358 /* Project object */;
			proxyType = 1;
			remoteGlobalIDString = 860B4C2B2AE95F2400977358;
			remoteInfo = ClimApp;
		};
/* End PBXContainerItemProxy section */

/* Begin PBXFileReference section */
		860B4C2C2AE95F2400977358 /* ClimApp.app */ = {isa = PBXFileReference; explicitFileType = wrapper.application; includeInIndex = 0; path = ClimApp.app; sourceTree = BUILT_PRODUCTS_DIR; };
		860B4C2F2AE95F2400977358 /* ClimAppApp.swift */ = {isa = PBXFileReference; lastKnownFileType = sourcecode.swift; path = ClimAppApp.swift; sourceTree = "<group>"; };
		860B4C332AE95F2500977358 /* Assets.xcassets */ = {isa = PBXFileReference; lastKnownFileType = folder.assetcatalog; path = Assets.xcassets; sourceTree = "<group>"; };
		860B4C362AE95F2500977358 /* Preview Assets.xcassets */ = {isa = PBXFileReference; lastKnownFileType = folder.assetcatalog; path = "Preview Assets.xcassets"; sourceTree = "<group>"; };
		860B4C3C2AE95F2500977358 /* ClimAppTests.xctest */ = {isa = PBXFileReference; explicitFileType = wrapper.cfbundle; includeInIndex = 0; path = ClimAppTests.xctest; sourceTree = BUILT_PRODUCTS_DIR; };
		860B4C402AE95F2500977358 /* ClimAppTests.swift */ = {isa = PBXFileReference; lastKnownFileType = sourcecode.swift; path = ClimAppTests.swift; sourceTree = "<group>"; };
		860B4C462AE95F2500977358 /* ClimAppUITests.xctest */ = {isa = PBXFileReference; explicitFileType = wrapper.cfbundle; includeInIndex = 0; path = ClimAppUITests.xctest; sourceTree = BUILT_PRODUCTS_DIR; };
		860B4C4A2AE95F2500977358 /* ClimAppUITests.swift */ = {isa = PBXFileReference; lastKnownFileType = sourcecode.swift; path = ClimAppUITests.swift; sourceTree = "<group>"; };
		860B4C4C2AE95F2500977358 /* ClimAppUITestsLaunchTests.swift */ = {isa = PBXFileReference; lastKnownFileType = sourcecode.swift; path = ClimAppUITestsLaunchTests.swift; sourceTree = "<group>"; };
		860B4C592AE9612C00977358 /* Assets.swift */ = {isa = PBXFileReference; lastKnownFileType = sourcecode.swift; path = Assets.swift; sourceTree = "<group>"; };
		860B4C5B2AE964F700977358 /* WelcomeView.swift */ = {isa = PBXFileReference; lastKnownFileType = sourcecode.swift; path = WelcomeView.swift; sourceTree = "<group>"; };
		860B4C5D2AE9651F00977358 /* MainView.swift */ = {isa = PBXFileReference; lastKnownFileType = sourcecode.swift; path = MainView.swift; sourceTree = "<group>"; };
		868AB8362AEA50D300D3B256 /* Project.swift */ = {isa = PBXFileReference; lastKnownFileType = sourcecode.swift; path = Project.swift; sourceTree = "<group>"; };
		868AB8382AEA55E200D3B256 /* WelcomeViewModel.swift */ = {isa = PBXFileReference; lastKnownFileType = sourcecode.swift; path = WelcomeViewModel.swift; sourceTree = "<group>"; };
		868AB83E2AEA583000D3B256 /* ProjectsView.swift */ = {isa = PBXFileReference; lastKnownFileType = sourcecode.swift; path = ProjectsView.swift; sourceTree = "<group>"; };
		868AB8402AEA5B9900D3B256 /* ProjectView.swift */ = {isa = PBXFileReference; lastKnownFileType = sourcecode.swift; path = ProjectView.swift; sourceTree = "<group>"; };
		868AB8442AEA601700D3B256 /* FootprintView.swift */ = {isa = PBXFileReference; lastKnownFileType = sourcecode.swift; path = FootprintView.swift; sourceTree = "<group>"; };
		868AB8462AEA603200D3B256 /* BackgroundImage.swift */ = {isa = PBXFileReference; lastKnownFileType = sourcecode.swift; path = BackgroundImage.swift; sourceTree = "<group>"; };
/* End PBXFileReference section */

/* Begin PBXFrameworksBuildPhase section */
		860B4C292AE95F2400977358 /* Frameworks */ = {
			isa = PBXFrameworksBuildPhase;
			buildActionMask = 2147483647;
			files = (
			);
			runOnlyForDeploymentPostprocessing = 0;
		};
		860B4C392AE95F2500977358 /* Frameworks */ = {
			isa = PBXFrameworksBuildPhase;
			buildActionMask = 2147483647;
			files = (
			);
			runOnlyForDeploymentPostprocessing = 0;
		};
		860B4C432AE95F2500977358 /* Frameworks */ = {
			isa = PBXFrameworksBuildPhase;
			buildActionMask = 2147483647;
			files = (
			);
			runOnlyForDeploymentPostprocessing = 0;
		};
/* End PBXFrameworksBuildPhase section */

/* Begin PBXGroup section */
		860B4C232AE95F2300977358 = {
			isa = PBXGroup;
			children = (
				860B4C2E2AE95F2400977358 /* ClimApp */,
				860B4C3F2AE95F2500977358 /* ClimAppTests */,
				860B4C492AE95F2500977358 /* ClimAppUITests */,
				860B4C2D2AE95F2400977358 /* Products */,
			);
			sourceTree = "<group>";
		};
		860B4C2D2AE95F2400977358 /* Products */ = {
			isa = PBXGroup;
			children = (
				860B4C2C2AE95F2400977358 /* ClimApp.app */,
				860B4C3C2AE95F2500977358 /* ClimAppTests.xctest */,
				860B4C462AE95F2500977358 /* ClimAppUITests.xctest */,
			);
			name = Products;
			sourceTree = "<group>";
		};
		860B4C2E2AE95F2400977358 /* ClimApp */ = {
			isa = PBXGroup;
			children = (
				860B4C2F2AE95F2400977358 /* ClimAppApp.swift */,
				868AB83C2AEA57AF00D3B256 /* Model */,
				868AB83A2AEA57A500D3B256 /* View */,
				868AB83B2AEA57AA00D3B256 /* ViewModel */,
				868AB83D2AEA57B700D3B256 /* Utils */,
				860B4C332AE95F2500977358 /* Assets.xcassets */,
				860B4C352AE95F2500977358 /* Preview Content */,
			);
			path = ClimApp;
			sourceTree = "<group>";
		};
		860B4C352AE95F2500977358 /* Preview Content */ = {
			isa = PBXGroup;
			children = (
				860B4C362AE95F2500977358 /* Preview Assets.xcassets */,
			);
			path = "Preview Content";
			sourceTree = "<group>";
		};
		860B4C3F2AE95F2500977358 /* ClimAppTests */ = {
			isa = PBXGroup;
			children = (
				860B4C402AE95F2500977358 /* ClimAppTests.swift */,
			);
			path = ClimAppTests;
			sourceTree = "<group>";
		};
		860B4C492AE95F2500977358 /* ClimAppUITests */ = {
			isa = PBXGroup;
			children = (
				860B4C4A2AE95F2500977358 /* ClimAppUITests.swift */,
				860B4C4C2AE95F2500977358 /* ClimAppUITestsLaunchTests.swift */,
			);
			path = ClimAppUITests;
			sourceTree = "<group>";
		};
		868AB83A2AEA57A500D3B256 /* View */ = {
			isa = PBXGroup;
			children = (
				868AB8432AEA5FA300D3B256 /* Screens */,
				868AB8422AEA5F9D00D3B256 /* Component */,
			);
			path = View;
			sourceTree = "<group>";
		};
		868AB83B2AEA57AA00D3B256 /* ViewModel */ = {
			isa = PBXGroup;
			children = (
				868AB8382AEA55E200D3B256 /* WelcomeViewModel.swift */,
			);
			path = ViewModel;
			sourceTree = "<group>";
		};
		868AB83C2AEA57AF00D3B256 /* Model */ = {
			isa = PBXGroup;
			children = (
				868AB8362AEA50D300D3B256 /* Project.swift */,
			);
			path = Model;
			sourceTree = "<group>";
		};
		868AB83D2AEA57B700D3B256 /* Utils */ = {
			isa = PBXGroup;
			children = (
				860B4C592AE9612C00977358 /* Assets.swift */,
			);
			path = Utils;
			sourceTree = "<group>";
		};
		868AB8422AEA5F9D00D3B256 /* Component */ = {
			isa = PBXGroup;
			children = (
				868AB8402AEA5B9900D3B256 /* ProjectView.swift */,
				868AB8462AEA603200D3B256 /* BackgroundImage.swift */,
			);
			path = Component;
			sourceTree = "<group>";
		};
		868AB8432AEA5FA300D3B256 /* Screens */ = {
			isa = PBXGroup;
			children = (
				860B4C5B2AE964F700977358 /* WelcomeView.swift */,
				860B4C5D2AE9651F00977358 /* MainView.swift */,
				868AB8442AEA601700D3B256 /* FootprintView.swift */,
				868AB83E2AEA583000D3B256 /* ProjectsView.swift */,
			);
			path = Screens;
			sourceTree = "<group>";
		};
/* End PBXGroup section */

/* Begin PBXNativeTarget section */
		860B4C2B2AE95F2400977358 /* ClimApp */ = {
			isa = PBXNativeTarget;
			buildConfigurationList = 860B4C502AE95F2500977358 /* Build configuration list for PBXNativeTarget "ClimApp" */;
			buildPhases = (
				860B4C282AE95F2400977358 /* Sources */,
				860B4C292AE95F2400977358 /* Frameworks */,
				860B4C2A2AE95F2400977358 /* Resources */,
			);
			buildRules = (
			);
			dependencies = (
			);
			name = ClimApp;
			productName = ClimApp;
			productReference = 860B4C2C2AE95F2400977358 /* ClimApp.app */;
			productType = "com.apple.product-type.application";
		};
		860B4C3B2AE95F2500977358 /* ClimAppTests */ = {
			isa = PBXNativeTarget;
			buildConfigurationList = 860B4C532AE95F2500977358 /* Build configuration list for PBXNativeTarget "ClimAppTests" */;
			buildPhases = (
				860B4C382AE95F2500977358 /* Sources */,
				860B4C392AE95F2500977358 /* Frameworks */,
				860B4C3A2AE95F2500977358 /* Resources */,
			);
			buildRules = (
			);
			dependencies = (
				860B4C3E2AE95F2500977358 /* PBXTargetDependency */,
			);
			name = ClimAppTests;
			productName = ClimAppTests;
			productReference = 860B4C3C2AE95F2500977358 /* ClimAppTests.xctest */;
			productType = "com.apple.product-type.bundle.unit-test";
		};
		860B4C452AE95F2500977358 /* ClimAppUITests */ = {
			isa = PBXNativeTarget;
			buildConfigurationList = 860B4C562AE95F2500977358 /* Build configuration list for PBXNativeTarget "ClimAppUITests" */;
			buildPhases = (
				860B4C422AE95F2500977358 /* Sources */,
				860B4C432AE95F2500977358 /* Frameworks */,
				860B4C442AE95F2500977358 /* Resources */,
			);
			buildRules = (
			);
			dependencies = (
				860B4C482AE95F2500977358 /* PBXTargetDependency */,
			);
			name = ClimAppUITests;
			productName = ClimAppUITests;
			productReference = 860B4C462AE95F2500977358 /* ClimAppUITests.xctest */;
			productType = "com.apple.product-type.bundle.ui-testing";
		};
/* End PBXNativeTarget section */

/* Begin PBXProject section */
		860B4C242AE95F2300977358 /* Project object */ = {
			isa = PBXProject;
			attributes = {
				BuildIndependentTargetsInParallel = 1;
				LastSwiftUpdateCheck = 1500;
				LastUpgradeCheck = 1500;
				TargetAttributes = {
					860B4C2B2AE95F2400977358 = {
						CreatedOnToolsVersion = 15.0;
					};
					860B4C3B2AE95F2500977358 = {
						CreatedOnToolsVersion = 15.0;
						TestTargetID = 860B4C2B2AE95F2400977358;
					};
					860B4C452AE95F2500977358 = {
						CreatedOnToolsVersion = 15.0;
						TestTargetID = 860B4C2B2AE95F2400977358;
					};
				};
			};
			buildConfigurationList = 860B4C272AE95F2300977358 /* Build configuration list for PBXProject "ClimApp" */;
			compatibilityVersion = "Xcode 14.0";
			developmentRegion = en;
			hasScannedForEncodings = 0;
			knownRegions = (
				en,
				Base,
			);
			mainGroup = 860B4C232AE95F2300977358;
			productRefGroup = 860B4C2D2AE95F2400977358 /* Products */;
			projectDirPath = "";
			projectRoot = "";
			targets = (
				860B4C2B2AE95F2400977358 /* ClimApp */,
				860B4C3B2AE95F2500977358 /* ClimAppTests */,
				860B4C452AE95F2500977358 /* ClimAppUITests */,
			);
		};
/* End PBXProject section */

/* Begin PBXResourcesBuildPhase section */
		860B4C2A2AE95F2400977358 /* Resources */ = {
			isa = PBXResourcesBuildPhase;
			buildActionMask = 2147483647;
			files = (
				860B4C372AE95F2500977358 /* Preview Assets.xcassets in Resources */,
				860B4C342AE95F2500977358 /* Assets.xcassets in Resources */,
			);
			runOnlyForDeploymentPostprocessing = 0;
		};
		860B4C3A2AE95F2500977358 /* Resources */ = {
			isa = PBXResourcesBuildPhase;
			buildActionMask = 2147483647;
			files = (
			);
			runOnlyForDeploymentPostprocessing = 0;
		};
		860B4C442AE95F2500977358 /* Resources */ = {
			isa = PBXResourcesBuildPhase;
			buildActionMask = 2147483647;
			files = (
			);
			runOnlyForDeploymentPostprocessing = 0;
		};
/* End PBXResourcesBuildPhase section */

/* Begin PBXSourcesBuildPhase section */
		860B4C282AE95F2400977358 /* Sources */ = {
			isa = PBXSourcesBuildPhase;
			buildActionMask = 2147483647;
			files = (
				860B4C302AE95F2400977358 /* ClimAppApp.swift in Sources */,
				868AB8392AEA55E200D3B256 /* WelcomeViewModel.swift in Sources */,
				860B4C5E2AE9651F00977358 /* MainView.swift in Sources */,
				868AB8472AEA603200D3B256 /* BackgroundImage.swift in Sources */,
				860B4C5C2AE964F700977358 /* WelcomeView.swift in Sources */,
				868AB83F2AEA583000D3B256 /* ProjectsView.swift in Sources */,
				868AB8372AEA50D300D3B256 /* Project.swift in Sources */,
				868AB8412AEA5B9900D3B256 /* ProjectView.swift in Sources */,
				860B4C5A2AE9612C00977358 /* Assets.swift in Sources */,
				868AB8452AEA601700D3B256 /* FootprintView.swift in Sources */,
			);
			runOnlyForDeploymentPostprocessing = 0;
		};
		860B4C382AE95F2500977358 /* Sources */ = {
			isa = PBXSourcesBuildPhase;
			buildActionMask = 2147483647;
			files = (
				860B4C412AE95F2500977358 /* ClimAppTests.swift in Sources */,
			);
			runOnlyForDeploymentPostprocessing = 0;
		};
		860B4C422AE95F2500977358 /* Sources */ = {
			isa = PBXSourcesBuildPhase;
			buildActionMask = 2147483647;
			files = (
				860B4C4B2AE95F2500977358 /* ClimAppUITests.swift in Sources */,
				860B4C4D2AE95F2500977358 /* ClimAppUITestsLaunchTests.swift in Sources */,
			);
			runOnlyForDeploymentPostprocessing = 0;
		};
/* End PBXSourcesBuildPhase section */

/* Begin PBXTargetDependency section */
		860B4C3E2AE95F2500977358 /* PBXTargetDependency */ = {
			isa = PBXTargetDependency;
			target = 860B4C2B2AE95F2400977358 /* ClimApp */;
			targetProxy = 860B4C3D2AE95F2500977358 /* PBXContainerItemProxy */;
		};
		860B4C482AE95F2500977358 /* PBXTargetDependency */ = {
			isa = PBXTargetDependency;
			target = 860B4C2B2AE95F2400977358 /* ClimApp */;
			targetProxy = 860B4C472AE95F2500977358 /* PBXContainerItemProxy */;
		};
/* End PBXTargetDependency section */

/* Begin XCBuildConfiguration section */
		860B4C4E2AE95F2500977358 /* Debug */ = {
			isa = XCBuildConfiguration;
			buildSettings = {
				ALWAYS_SEARCH_USER_PATHS = NO;
				ASSETCATALOG_COMPILER_GENERATE_SWIFT_ASSET_SYMBOL_EXTENSIONS = YES;
				CLANG_ANALYZER_NONNULL = YES;
				CLANG_ANALYZER_NUMBER_OBJECT_CONVERSION = YES_AGGRESSIVE;
				CLANG_CXX_LANGUAGE_STANDARD = "gnu++20";
				CLANG_ENABLE_MODULES = YES;
				CLANG_ENABLE_OBJC_ARC = YES;
				CLANG_ENABLE_OBJC_WEAK = YES;
				CLANG_WARN_BLOCK_CAPTURE_AUTORELEASING = YES;
				CLANG_WARN_BOOL_CONVERSION = YES;
				CLANG_WARN_COMMA = YES;
				CLANG_WARN_CONSTANT_CONVERSION = YES;
				CLANG_WARN_DEPRECATED_OBJC_IMPLEMENTATIONS = YES;
				CLANG_WARN_DIRECT_OBJC_ISA_USAGE = YES_ERROR;
				CLANG_WARN_DOCUMENTATION_COMMENTS = YES;
				CLANG_WARN_EMPTY_BODY = YES;
				CLANG_WARN_ENUM_CONVERSION = YES;
				CLANG_WARN_INFINITE_RECURSION = YES;
				CLANG_WARN_INT_CONVERSION = YES;
				CLANG_WARN_NON_LITERAL_NULL_CONVERSION = YES;
				CLANG_WARN_OBJC_IMPLICIT_RETAIN_SELF = YES;
				CLANG_WARN_OBJC_LITERAL_CONVERSION = YES;
				CLANG_WARN_OBJC_ROOT_CLASS = YES_ERROR;
				CLANG_WARN_QUOTED_INCLUDE_IN_FRAMEWORK_HEADER = YES;
				CLANG_WARN_RANGE_LOOP_ANALYSIS = YES;
				CLANG_WARN_STRICT_PROTOTYPES = YES;
				CLANG_WARN_SUSPICIOUS_MOVE = YES;
				CLANG_WARN_UNGUARDED_AVAILABILITY = YES_AGGRESSIVE;
				CLANG_WARN_UNREACHABLE_CODE = YES;
				CLANG_WARN__DUPLICATE_METHOD_MATCH = YES;
				COPY_PHASE_STRIP = NO;
				DEBUG_INFORMATION_FORMAT = dwarf;
				ENABLE_STRICT_OBJC_MSGSEND = YES;
				ENABLE_TESTABILITY = YES;
				ENABLE_USER_SCRIPT_SANDBOXING = YES;
				GCC_C_LANGUAGE_STANDARD = gnu17;
				GCC_DYNAMIC_NO_PIC = NO;
				GCC_NO_COMMON_BLOCKS = YES;
				GCC_OPTIMIZATION_LEVEL = 0;
				GCC_PREPROCESSOR_DEFINITIONS = (
					"DEBUG=1",
					"$(inherited)",
				);
				GCC_WARN_64_TO_32_BIT_CONVERSION = YES;
				GCC_WARN_ABOUT_RETURN_TYPE = YES_ERROR;
				GCC_WARN_UNDECLARED_SELECTOR = YES;
				GCC_WARN_UNINITIALIZED_AUTOS = YES_AGGRESSIVE;
				GCC_WARN_UNUSED_FUNCTION = YES;
				GCC_WARN_UNUSED_VARIABLE = YES;
				IPHONEOS_DEPLOYMENT_TARGET = 17.0;
				LOCALIZATION_PREFERS_STRING_CATALOGS = YES;
				MTL_ENABLE_DEBUG_INFO = INCLUDE_SOURCE;
				MTL_FAST_MATH = YES;
				ONLY_ACTIVE_ARCH = YES;
				SDKROOT = iphoneos;
				SWIFT_ACTIVE_COMPILATION_CONDITIONS = "DEBUG $(inherited)";
				SWIFT_OPTIMIZATION_LEVEL = "-Onone";
			};
			name = Debug;
		};
		860B4C4F2AE95F2500977358 /* Release */ = {
			isa = XCBuildConfiguration;
			buildSettings = {
				ALWAYS_SEARCH_USER_PATHS = NO;
				ASSETCATALOG_COMPILER_GENERATE_SWIFT_ASSET_SYMBOL_EXTENSIONS = YES;
				CLANG_ANALYZER_NONNULL = YES;
				CLANG_ANALYZER_NUMBER_OBJECT_CONVERSION = YES_AGGRESSIVE;
				CLANG_CXX_LANGUAGE_STANDARD = "gnu++20";
				CLANG_ENABLE_MODULES = YES;
				CLANG_ENABLE_OBJC_ARC = YES;
				CLANG_ENABLE_OBJC_WEAK = YES;
				CLANG_WARN_BLOCK_CAPTURE_AUTORELEASING = YES;
				CLANG_WARN_BOOL_CONVERSION = YES;
				CLANG_WARN_COMMA = YES;
				CLANG_WARN_CONSTANT_CONVERSION = YES;
				CLANG_WARN_DEPRECATED_OBJC_IMPLEMENTATIONS = YES;
				CLANG_WARN_DIRECT_OBJC_ISA_USAGE = YES_ERROR;
				CLANG_WARN_DOCUMENTATION_COMMENTS = YES;
				CLANG_WARN_EMPTY_BODY = YES;
				CLANG_WARN_ENUM_CONVERSION = YES;
				CLANG_WARN_INFINITE_RECURSION = YES;
				CLANG_WARN_INT_CONVERSION = YES;
				CLANG_WARN_NON_LITERAL_NULL_CONVERSION = YES;
				CLANG_WARN_OBJC_IMPLICIT_RETAIN_SELF = YES;
				CLANG_WARN_OBJC_LITERAL_CONVERSION = YES;
				CLANG_WARN_OBJC_ROOT_CLASS = YES_ERROR;
				CLANG_WARN_QUOTED_INCLUDE_IN_FRAMEWORK_HEADER = YES;
				CLANG_WARN_RANGE_LOOP_ANALYSIS = YES;
				CLANG_WARN_STRICT_PROTOTYPES = YES;
				CLANG_WARN_SUSPICIOUS_MOVE = YES;
				CLANG_WARN_UNGUARDED_AVAILABILITY = YES_AGGRESSIVE;
				CLANG_WARN_UNREACHABLE_CODE = YES;
				CLANG_WARN__DUPLICATE_METHOD_MATCH = YES;
				COPY_PHASE_STRIP = NO;
				DEBUG_INFORMATION_FORMAT = "dwarf-with-dsym";
				ENABLE_NS_ASSERTIONS = NO;
				ENABLE_STRICT_OBJC_MSGSEND = YES;
				ENABLE_USER_SCRIPT_SANDBOXING = YES;
				GCC_C_LANGUAGE_STANDARD = gnu17;
				GCC_NO_COMMON_BLOCKS = YES;
				GCC_WARN_64_TO_32_BIT_CONVERSION = YES;
				GCC_WARN_ABOUT_RETURN_TYPE = YES_ERROR;
				GCC_WARN_UNDECLARED_SELECTOR = YES;
				GCC_WARN_UNINITIALIZED_AUTOS = YES_AGGRESSIVE;
				GCC_WARN_UNUSED_FUNCTION = YES;
				GCC_WARN_UNUSED_VARIABLE = YES;
				IPHONEOS_DEPLOYMENT_TARGET = 17.0;
				LOCALIZATION_PREFERS_STRING_CATALOGS = YES;
				MTL_ENABLE_DEBUG_INFO = NO;
				MTL_FAST_MATH = YES;
				SDKROOT = iphoneos;
				SWIFT_COMPILATION_MODE = wholemodule;
				VALIDATE_PRODUCT = YES;
			};
			name = Release;
		};
		860B4C512AE95F2500977358 /* Debug */ = {
			isa = XCBuildConfiguration;
			buildSettings = {
				ASSETCATALOG_COMPILER_APPICON_NAME = AppIcon;
				ASSETCATALOG_COMPILER_GLOBAL_ACCENT_COLOR_NAME = AccentColor;
				CODE_SIGN_STYLE = Automatic;
				CURRENT_PROJECT_VERSION = 1;
				DEVELOPMENT_ASSET_PATHS = "\"ClimApp/Preview Content\"";
				DEVELOPMENT_TEAM = N96T5K2D2H;
				ENABLE_PREVIEWS = YES;
				GENERATE_INFOPLIST_FILE = YES;
				INFOPLIST_KEY_UIApplicationSceneManifest_Generation = YES;
				INFOPLIST_KEY_UIApplicationSupportsIndirectInputEvents = YES;
				INFOPLIST_KEY_UILaunchScreen_Generation = YES;
				INFOPLIST_KEY_UISupportedInterfaceOrientations_iPad = "UIInterfaceOrientationPortrait UIInterfaceOrientationPortraitUpsideDown UIInterfaceOrientationLandscapeLeft UIInterfaceOrientationLandscapeRight";
				INFOPLIST_KEY_UISupportedInterfaceOrientations_iPhone = "UIInterfaceOrientationPortrait UIInterfaceOrientationLandscapeLeft UIInterfaceOrientationLandscapeRight";
				LD_RUNPATH_SEARCH_PATHS = (
					"$(inherited)",
					"@executable_path/Frameworks",
				);
				MARKETING_VERSION = 1.0;
				PRODUCT_BUNDLE_IDENTIFIER = twinPaw.ClimApp;
				PRODUCT_NAME = "$(TARGET_NAME)";
				SWIFT_EMIT_LOC_STRINGS = YES;
				SWIFT_VERSION = 5.0;
				TARGETED_DEVICE_FAMILY = "1,2";
			};
			name = Debug;
		};
		860B4C522AE95F2500977358 /* Release */ = {
			isa = XCBuildConfiguration;
			buildSettings = {
				ASSETCATALOG_COMPILER_APPICON_NAME = AppIcon;
				ASSETCATALOG_COMPILER_GLOBAL_ACCENT_COLOR_NAME = AccentColor;
				CODE_SIGN_STYLE = Automatic;
				CURRENT_PROJECT_VERSION = 1;
				DEVELOPMENT_ASSET_PATHS = "\"ClimApp/Preview Content\"";
				DEVELOPMENT_TEAM = N96T5K2D2H;
				ENABLE_PREVIEWS = YES;
				GENERATE_INFOPLIST_FILE = YES;
				INFOPLIST_KEY_UIApplicationSceneManifest_Generation = YES;
				INFOPLIST_KEY_UIApplicationSupportsIndirectInputEvents = YES;
				INFOPLIST_KEY_UILaunchScreen_Generation = YES;
				INFOPLIST_KEY_UISupportedInterfaceOrientations_iPad = "UIInterfaceOrientationPortrait UIInterfaceOrientationPortraitUpsideDown UIInterfaceOrientationLandscapeLeft UIInterfaceOrientationLandscapeRight";
				INFOPLIST_KEY_UISupportedInterfaceOrientations_iPhone = "UIInterfaceOrientationPortrait UIInterfaceOrientationLandscapeLeft UIInterfaceOrientationLandscapeRight";
				LD_RUNPATH_SEARCH_PATHS = (
					"$(inherited)",
					"@executable_path/Frameworks",
				);
				MARKETING_VERSION = 1.0;
				PRODUCT_BUNDLE_IDENTIFIER = twinPaw.ClimApp;
				PRODUCT_NAME = "$(TARGET_NAME)";
				SWIFT_EMIT_LOC_STRINGS = YES;
				SWIFT_VERSION = 5.0;
				TARGETED_DEVICE_FAMILY = "1,2";
			};
			name = Release;
		};
		860B4C542AE95F2500977358 /* Debug */ = {
			isa = XCBuildConfiguration;
			buildSettings = {
				ALWAYS_EMBED_SWIFT_STANDARD_LIBRARIES = YES;
				BUNDLE_LOADER = "$(TEST_HOST)";
				CODE_SIGN_STYLE = Automatic;
				CURRENT_PROJECT_VERSION = 1;
				DEVELOPMENT_TEAM = N96T5K2D2H;
				GENERATE_INFOPLIST_FILE = YES;
				IPHONEOS_DEPLOYMENT_TARGET = 17.0;
				MARKETING_VERSION = 1.0;
				PRODUCT_BUNDLE_IDENTIFIER = twinPaw.ClimAppTests;
				PRODUCT_NAME = "$(TARGET_NAME)";
				SWIFT_EMIT_LOC_STRINGS = NO;
				SWIFT_VERSION = 5.0;
				TARGETED_DEVICE_FAMILY = "1,2";
				TEST_HOST = "$(BUILT_PRODUCTS_DIR)/ClimApp.app/$(BUNDLE_EXECUTABLE_FOLDER_PATH)/ClimApp";
			};
			name = Debug;
		};
		860B4C552AE95F2500977358 /* Release */ = {
			isa = XCBuildConfiguration;
			buildSettings = {
				ALWAYS_EMBED_SWIFT_STANDARD_LIBRARIES = YES;
				BUNDLE_LOADER = "$(TEST_HOST)";
				CODE_SIGN_STYLE = Automatic;
				CURRENT_PROJECT_VERSION = 1;
				DEVELOPMENT_TEAM = N96T5K2D2H;
				GENERATE_INFOPLIST_FILE = YES;
				IPHONEOS_DEPLOYMENT_TARGET = 17.0;
				MARKETING_VERSION = 1.0;
				PRODUCT_BUNDLE_IDENTIFIER = twinPaw.ClimAppTests;
				PRODUCT_NAME = "$(TARGET_NAME)";
				SWIFT_EMIT_LOC_STRINGS = NO;
				SWIFT_VERSION = 5.0;
				TARGETED_DEVICE_FAMILY = "1,2";
				TEST_HOST = "$(BUILT_PRODUCTS_DIR)/ClimApp.app/$(BUNDLE_EXECUTABLE_FOLDER_PATH)/ClimApp";
			};
			name = Release;
		};
		860B4C572AE95F2500977358 /* Debug */ = {
			isa = XCBuildConfiguration;
			buildSettings = {
				ALWAYS_EMBED_SWIFT_STANDARD_LIBRARIES = YES;
				CODE_SIGN_STYLE = Automatic;
				CURRENT_PROJECT_VERSION = 1;
				DEVELOPMENT_TEAM = N96T5K2D2H;
				GENERATE_INFOPLIST_FILE = YES;
				MARKETING_VERSION = 1.0;
				PRODUCT_BUNDLE_IDENTIFIER = twinPaw.ClimAppUITests;
				PRODUCT_NAME = "$(TARGET_NAME)";
				SWIFT_EMIT_LOC_STRINGS = NO;
				SWIFT_VERSION = 5.0;
				TARGETED_DEVICE_FAMILY = "1,2";
				TEST_TARGET_NAME = ClimApp;
			};
			name = Debug;
		};
		860B4C582AE95F2500977358 /* Release */ = {
			isa = XCBuildConfiguration;
			buildSettings = {
				ALWAYS_EMBED_SWIFT_STANDARD_LIBRARIES = YES;
				CODE_SIGN_STYLE = Automatic;
				CURRENT_PROJECT_VERSION = 1;
				DEVELOPMENT_TEAM = N96T5K2D2H;
				GENERATE_INFOPLIST_FILE = YES;
				MARKETING_VERSION = 1.0;
				PRODUCT_BUNDLE_IDENTIFIER = twinPaw.ClimAppUITests;
				PRODUCT_NAME = "$(TARGET_NAME)";
				SWIFT_EMIT_LOC_STRINGS = NO;
				SWIFT_VERSION = 5.0;
				TARGETED_DEVICE_FAMILY = "1,2";
				TEST_TARGET_NAME = ClimApp;
			};
			name = Release;
		};
/* End XCBuildConfiguration section */

/* Begin XCConfigurationList section */
		860B4C272AE95F2300977358 /* Build configuration list for PBXProject "ClimApp" */ = {
			isa = XCConfigurationList;
			buildConfigurations = (
				860B4C4E2AE95F2500977358 /* Debug */,
				860B4C4F2AE95F2500977358 /* Release */,
			);
			defaultConfigurationIsVisible = 0;
			defaultConfigurationName = Release;
		};
		860B4C502AE95F2500977358 /* Build configuration list for PBXNativeTarget "ClimApp" */ = {
			isa = XCConfigurationList;
			buildConfigurations = (
				860B4C512AE95F2500977358 /* Debug */,
				860B4C522AE95F2500977358 /* Release */,
			);
			defaultConfigurationIsVisible = 0;
			defaultConfigurationName = Release;
		};
		860B4C532AE95F2500977358 /* Build configuration list for PBXNativeTarget "ClimAppTests" */ = {
			isa = XCConfigurationList;
			buildConfigurations = (
				860B4C542AE95F2500977358 /* Debug */,
				860B4C552AE95F2500977358 /* Release */,
			);
			defaultConfigurationIsVisible = 0;
			defaultConfigurationName = Release;
		};
		860B4C562AE95F2500977358 /* Build configuration list for PBXNativeTarget "ClimAppUITests" */ = {
			isa = XCConfigurationList;
			buildConfigurations = (
				860B4C572AE95F2500977358 /* Debug */,
				860B4C582AE95F2500977358 /* Release */,
			);
			defaultConfigurationIsVisible = 0;
			defaultConfigurationName = Release;
		};
/* End XCConfigurationList section */
	};
	rootObject = 860B4C242AE95F2300977358 /* Project object */;
}
